
Microsoft Visual Studio Solution File, Format Version 12.00
# Visual Studio Version 17
VisualStudioVersion = 17.6.33723.286
MinimumVisualStudioVersion = 10.0.40219.1
Project("{9A19103F-16F7-4668-BE54-9A1E7A4F7556}") = "SolidPrinciples.SingleResponsability", "SolidPrinciples.SingleResponsability\SolidPrinciples.SingleResponsability.csproj", "{1DF90479-ADB2-4AED-906E-6A2FC39C7C24}"
EndProject
Project("{9A19103F-16F7-4668-BE54-9A1E7A4F7556}") = "SolidPrinciples.OpenClose", "SolidPrinciples.OpenClose\SolidPrinciples.OpenClose.csproj", "{7DE72A40-9D61-4A0E-9F57-8D06FF88F82A}"
EndProject
Project("{FAE04EC0-301F-11D3-BF4B-00C04F79EFBC}") = "SolidPrinciples.LiskovSubstitution", "SolidPrinciples.LiskovSubstitution\SolidPrinciples.LiskovSubstitution.csproj", "{E5AE255B-1C6C-4C6D-AF51-63BDDC323D1B}"
EndProject
Project("{FAE04EC0-301F-11D3-BF4B-00C04F79EFBC}") = "SolidPrinciples.InterfaceSegregation", "SolidPrinciples.InterfaceSegregation\SolidPrinciples.InterfaceSegregation.csproj", "{380FB490-DB9D-45E1-BFCD-D3B896E735A4}"
EndProject
Global
	GlobalSection(SolutionConfigurationPlatforms) = preSolution
		Debug|Any CPU = Debug|Any CPU
		Release|Any CPU = Release|Any CPU
	EndGlobalSection
	GlobalSection(ProjectConfigurationPlatforms) = postSolution
		{1DF90479-ADB2-4AED-906E-6A2FC39C7C24}.Debug|Any CPU.ActiveCfg = Debug|Any CPU
		{1DF90479-ADB2-4AED-906E-6A2FC39C7C24}.Debug|Any CPU.Build.0 = Debug|Any CPU
		{1DF90479-ADB2-4AED-906E-6A2FC39C7C24}.Release|Any CPU.ActiveCfg = Release|Any CPU
		{1DF90479-ADB2-4AED-906E-6A2FC39C7C24}.Release|Any CPU.Build.0 = Release|Any CPU
		{7DE72A40-9D61-4A0E-9F57-8D06FF88F82A}.Debug|Any CPU.ActiveCfg = Debug|Any CPU
		{7DE72A40-9D61-4A0E-9F57-8D06FF88F82A}.Debug|Any CPU.Build.0 = Debug|Any CPU
		{7DE72A40-9D61-4A0E-9F57-8D06FF88F82A}.Release|Any CPU.ActiveCfg = Release|Any CPU
		{7DE72A40-9D61-4A0E-9F57-8D06FF88F82A}.Release|Any CPU.Build.0 = Release|Any CPU
		{E5AE255B-1C6C-4C6D-AF51-63BDDC323D1B}.Debug|Any CPU.ActiveCfg = Debug|Any CPU
		{E5AE255B-1C6C-4C6D-AF51-63BDDC323D1B}.Debug|Any CPU.Build.0 = Debug|Any CPU
		{E5AE255B-1C6C-4C6D-AF51-63BDDC323D1B}.Release|Any CPU.ActiveCfg = Release|Any CPU
		{E5AE255B-1C6C-4C6D-AF51-63BDDC323D1B}.Release|Any CPU.Build.0 = Release|Any CPU
		{380FB490-DB9D-45E1-BFCD-D3B896E735A4}.Debug|Any CPU.ActiveCfg = Debug|Any CPU
		{380FB490-DB9D-45E1-BFCD-D3B896E735A4}.Debug|Any CPU.Build.0 = Debug|Any CPU
		{380FB490-DB9D-45E1-BFCD-D3B896E735A4}.Release|Any CPU.ActiveCfg = Release|Any CPU
		{380FB490-DB9D-45E1-BFCD-D3B896E735A4}.Release|Any CPU.Build.0 = Release|Any CPU
	EndGlobalSection
	GlobalSection(SolutionProperties) = preSolution
		HideSolutionNode = FALSE
	EndGlobalSection
	GlobalSection(ExtensibilityGlobals) = postSolution
		SolutionGuid = {CE927A89-08B3-471E-8B09-7ACA3BBC3E17}
	EndGlobalSection
EndGlobal
